// !$*UTF8*$!
{
	archiveVersion = 1;
	classes = {
	};
	objectVersion = 48;
	objects = {

/* Begin PBXBuildFile section */
		1F6F07E71FCA5ED800918C81 /* UIFocusEnvironment+Rx.swift in Sources */ = {isa = PBXBuildFile; fileRef = 1F6F07E61FCA5ED800918C81 /* UIFocusEnvironment+Rx.swift */; };
		1F6F07E91FCA60DB00918C81 /* UIFocusEnvironment+RxTests.swift in Sources */ = {isa = PBXBuildFile; fileRef = 1F6F07E81FCA60DB00918C81 /* UIFocusEnvironment+RxTests.swift */; };
		1F6F07EB1FCAB96F00918C81 /* TestableFocusUpdateContext.swift in Sources */ = {isa = PBXBuildFile; fileRef = 1F6F07EA1FCAB96F00918C81 /* TestableFocusUpdateContext.swift */; };
		1F9E3B991FCAF3000029A490 /* AppDelegate.swift in Sources */ = {isa = PBXBuildFile; fileRef = 1F9E3B981FCAF3000029A490 /* AppDelegate.swift */; };
		1F9E3B9B1FCAF3000029A490 /* SplitViewController.swift in Sources */ = {isa = PBXBuildFile; fileRef = 1F9E3B9A1FCAF3000029A490 /* SplitViewController.swift */; };
		1F9E3B9E1FCAF3000029A490 /* Main.storyboard in Resources */ = {isa = PBXBuildFile; fileRef = 1F9E3B9C1FCAF3000029A490 /* Main.storyboard */; };
		1F9E3BA01FCAF3000029A490 /* Assets.xcassets in Resources */ = {isa = PBXBuildFile; fileRef = 1F9E3B9F1FCAF3000029A490 /* Assets.xcassets */; };
		1F9E3BA71FCAF3870029A490 /* RxTV.framework in Frameworks */ = {isa = PBXBuildFile; fileRef = 1FE322EE1FBFB4570087809C /* RxTV.framework */; };
		1F9E3BA81FCAF3870029A490 /* RxTV.framework in Embed Frameworks */ = {isa = PBXBuildFile; fileRef = 1FE322EE1FBFB4570087809C /* RxTV.framework */; settings = {ATTRIBUTES = (CodeSignOnCopy, RemoveHeadersOnCopy, ); }; };
		1FC77EE11FCAEE6C00411C7D /* UISplitViewController+Rx.swift in Sources */ = {isa = PBXBuildFile; fileRef = 1FC77EE01FCAEE6C00411C7D /* UISplitViewController+Rx.swift */; };
		1FC77EE31FCAF00200411C7D /* UITabBarController+Rx.swift in Sources */ = {isa = PBXBuildFile; fileRef = 1FC77EE21FCAF00200411C7D /* UITabBarController+Rx.swift */; };
		1FE322F31FBFB4570087809C /* RxTV.h in Headers */ = {isa = PBXBuildFile; fileRef = 1FE322F11FBFB4570087809C /* RxTV.h */; settings = {ATTRIBUTES = (Public, ); }; };
		1FE322FA1FBFB4BC0087809C /* UIPress+Rx.swift in Sources */ = {isa = PBXBuildFile; fileRef = 1FE322F91FBFB4BC0087809C /* UIPress+Rx.swift */; };
		1FE323041FBFB52E0087809C /* RxTV.framework in Frameworks */ = {isa = PBXBuildFile; fileRef = 1FE322EE1FBFB4570087809C /* RxTV.framework */; };
		1FE3230B1FBFB5410087809C /* UIPress+RxTests.swift in Sources */ = {isa = PBXBuildFile; fileRef = 1FE3230A1FBFB5410087809C /* UIPress+RxTests.swift */; };
		1FE323261FBFB6D90087809C /* RxSwift.framework in Frameworks */ = {isa = PBXBuildFile; fileRef = 1FE3231A1FBFB6D90087809C /* RxSwift.framework */; };
		1FE323281FBFB7180087809C /* RxTest.framework in Frameworks */ = {isa = PBXBuildFile; fileRef = 1FE323131FBFB6D90087809C /* RxTest.framework */; };
		1FE323291FBFB7180087809C /* RxSwift.framework in Frameworks */ = {isa = PBXBuildFile; fileRef = 1FE3231A1FBFB6D90087809C /* RxSwift.framework */; };
		1FE3232A1FBFB74A0087809C /* RxCocoa.framework in Frameworks */ = {isa = PBXBuildFile; fileRef = 1FE323191FBFB6D90087809C /* RxCocoa.framework */; };
		1FE3232D1FBFB7CB0087809C /* RxTest.framework in Embed Frameworks */ = {isa = PBXBuildFile; fileRef = 1FE323131FBFB6D90087809C /* RxTest.framework */; settings = {ATTRIBUTES = (RemoveHeadersOnCopy, ); }; };
		1FE3232E1FBFB7CB0087809C /* RxCocoa.framework in Embed Frameworks */ = {isa = PBXBuildFile; fileRef = 1FE323191FBFB6D90087809C /* RxCocoa.framework */; settings = {ATTRIBUTES = (RemoveHeadersOnCopy, ); }; };
		1FE3232F1FBFB7CB0087809C /* RxSwift.framework in Embed Frameworks */ = {isa = PBXBuildFile; fileRef = 1FE3231A1FBFB6D90087809C /* RxSwift.framework */; settings = {ATTRIBUTES = (RemoveHeadersOnCopy, ); }; };
/* End PBXBuildFile section */

/* Begin PBXContainerItemProxy section */
		1F9E3BA51FCAF37F0029A490 /* PBXContainerItemProxy */ = {
			isa = PBXContainerItemProxy;
			containerPortal = 1FE322E51FBFB4570087809C /* Project object */;
			proxyType = 1;
			remoteGlobalIDString = 1FE322ED1FBFB4570087809C;
			remoteInfo = RxTV;
		};
		1FE323051FBFB52E0087809C /* PBXContainerItemProxy */ = {
			isa = PBXContainerItemProxy;
			containerPortal = 1FE322E51FBFB4570087809C /* Project object */;
			proxyType = 1;
			remoteGlobalIDString = 1FE322ED1FBFB4570087809C;
			remoteInfo = RxTV;
		};
/* End PBXContainerItemProxy section */

/* Begin PBXCopyFilesBuildPhase section */
		1F9E3BA91FCAF3870029A490 /* Embed Frameworks */ = {
			isa = PBXCopyFilesBuildPhase;
			buildActionMask = 2147483647;
			dstPath = "";
			dstSubfolderSpec = 10;
			files = (
				1F9E3BA81FCAF3870029A490 /* RxTV.framework in Embed Frameworks */,
			);
			name = "Embed Frameworks";
			runOnlyForDeploymentPostprocessing = 0;
		};
		1FE3232C1FBFB7B90087809C /* Embed Frameworks */ = {
			isa = PBXCopyFilesBuildPhase;
			buildActionMask = 2147483647;
			dstPath = "";
			dstSubfolderSpec = 10;
			files = (
				1FE3232D1FBFB7CB0087809C /* RxTest.framework in Embed Frameworks */,
				1FE3232E1FBFB7CB0087809C /* RxCocoa.framework in Embed Frameworks */,
				1FE3232F1FBFB7CB0087809C /* RxSwift.framework in Embed Frameworks */,
			);
			name = "Embed Frameworks";
			runOnlyForDeploymentPostprocessing = 0;
		};
/* End PBXCopyFilesBuildPhase section */

/* Begin PBXFileReference section */
		1F6F07E61FCA5ED800918C81 /* UIFocusEnvironment+Rx.swift */ = {isa = PBXFileReference; lastKnownFileType = sourcecode.swift; path = "UIFocusEnvironment+Rx.swift"; sourceTree = "<group>"; };
		1F6F07E81FCA60DB00918C81 /* UIFocusEnvironment+RxTests.swift */ = {isa = PBXFileReference; lastKnownFileType = sourcecode.swift; path = "UIFocusEnvironment+RxTests.swift"; sourceTree = "<group>"; };
		1F6F07EA1FCAB96F00918C81 /* TestableFocusUpdateContext.swift */ = {isa = PBXFileReference; lastKnownFileType = sourcecode.swift; path = TestableFocusUpdateContext.swift; sourceTree = "<group>"; };
		1F9E3B961FCAF3000029A490 /* Example.app */ = {isa = PBXFileReference; explicitFileType = wrapper.application; includeInIndex = 0; path = Example.app; sourceTree = BUILT_PRODUCTS_DIR; };
		1F9E3B981FCAF3000029A490 /* AppDelegate.swift */ = {isa = PBXFileReference; lastKnownFileType = sourcecode.swift; path = AppDelegate.swift; sourceTree = "<group>"; };
		1F9E3B9A1FCAF3000029A490 /* SplitViewController.swift */ = {isa = PBXFileReference; lastKnownFileType = sourcecode.swift; path = SplitViewController.swift; sourceTree = "<group>"; };
		1F9E3B9D1FCAF3000029A490 /* Base */ = {isa = PBXFileReference; lastKnownFileType = file.storyboard; name = Base; path = Base.lproj/Main.storyboard; sourceTree = "<group>"; };
		1F9E3B9F1FCAF3000029A490 /* Assets.xcassets */ = {isa = PBXFileReference; lastKnownFileType = folder.assetcatalog; path = Assets.xcassets; sourceTree = "<group>"; };
		1F9E3BA11FCAF3000029A490 /* Info.plist */ = {isa = PBXFileReference; lastKnownFileType = text.plist.xml; path = Info.plist; sourceTree = "<group>"; };
		1FC77EE01FCAEE6C00411C7D /* UISplitViewController+Rx.swift */ = {isa = PBXFileReference; lastKnownFileType = sourcecode.swift; path = "UISplitViewController+Rx.swift"; sourceTree = "<group>"; };
		1FC77EE21FCAF00200411C7D /* UITabBarController+Rx.swift */ = {isa = PBXFileReference; lastKnownFileType = sourcecode.swift; path = "UITabBarController+Rx.swift"; sourceTree = "<group>"; };
		1FE322EE1FBFB4570087809C /* RxTV.framework */ = {isa = PBXFileReference; explicitFileType = wrapper.framework; includeInIndex = 0; path = RxTV.framework; sourceTree = BUILT_PRODUCTS_DIR; };
		1FE322F11FBFB4570087809C /* RxTV.h */ = {isa = PBXFileReference; lastKnownFileType = sourcecode.c.h; path = RxTV.h; sourceTree = "<group>"; };
		1FE322F21FBFB4570087809C /* Info.plist */ = {isa = PBXFileReference; lastKnownFileType = text.plist.xml; path = Info.plist; sourceTree = "<group>"; };
		1FE322F91FBFB4BC0087809C /* UIPress+Rx.swift */ = {isa = PBXFileReference; lastKnownFileType = sourcecode.swift; path = "UIPress+Rx.swift"; sourceTree = "<group>"; };
		1FE322FF1FBFB52D0087809C /* RxTVTests.xctest */ = {isa = PBXFileReference; explicitFileType = wrapper.cfbundle; includeInIndex = 0; path = RxTVTests.xctest; sourceTree = BUILT_PRODUCTS_DIR; };
		1FE323031FBFB52E0087809C /* Info.plist */ = {isa = PBXFileReference; lastKnownFileType = text.plist.xml; path = Info.plist; sourceTree = "<group>"; };
		1FE3230A1FBFB5410087809C /* UIPress+RxTests.swift */ = {isa = PBXFileReference; lastKnownFileType = sourcecode.swift; path = "UIPress+RxTests.swift"; sourceTree = "<group>"; };
		1FE323131FBFB6D90087809C /* RxTest.framework */ = {isa = PBXFileReference; lastKnownFileType = wrapper.framework; path = RxTest.framework; sourceTree = "<group>"; };
		1FE323191FBFB6D90087809C /* RxCocoa.framework */ = {isa = PBXFileReference; lastKnownFileType = wrapper.framework; path = RxCocoa.framework; sourceTree = "<group>"; };
		1FE3231A1FBFB6D90087809C /* RxSwift.framework */ = {isa = PBXFileReference; lastKnownFileType = wrapper.framework; path = RxSwift.framework; sourceTree = "<group>"; };
		1FE3231B1FBFB6D90087809C /* RxBlocking.framework */ = {isa = PBXFileReference; lastKnownFileType = wrapper.framework; path = RxBlocking.framework; sourceTree = "<group>"; };
/* End PBXFileReference section */

/* Begin PBXFrameworksBuildPhase section */
		1F9E3B931FCAF3000029A490 /* Frameworks */ = {
			isa = PBXFrameworksBuildPhase;
			buildActionMask = 2147483647;
			files = (
				1F9E3BA71FCAF3870029A490 /* RxTV.framework in Frameworks */,
			);
			runOnlyForDeploymentPostprocessing = 0;
		};
		1FE322EA1FBFB4570087809C /* Frameworks */ = {
			isa = PBXFrameworksBuildPhase;
			buildActionMask = 2147483647;
			files = (
				1FE3232A1FBFB74A0087809C /* RxCocoa.framework in Frameworks */,
				1FE323261FBFB6D90087809C /* RxSwift.framework in Frameworks */,
			);
			runOnlyForDeploymentPostprocessing = 0;
		};
		1FE322FC1FBFB52D0087809C /* Frameworks */ = {
			isa = PBXFrameworksBuildPhase;
			buildActionMask = 2147483647;
			files = (
				1FE323281FBFB7180087809C /* RxTest.framework in Frameworks */,
				1FE323041FBFB52E0087809C /* RxTV.framework in Frameworks */,
				1FE323291FBFB7180087809C /* RxSwift.framework in Frameworks */,
			);
			runOnlyForDeploymentPostprocessing = 0;
		};
/* End PBXFrameworksBuildPhase section */

/* Begin PBXGroup section */
		1F9E3B971FCAF3000029A490 /* Example */ = {
			isa = PBXGroup;
			children = (
				1F9E3B981FCAF3000029A490 /* AppDelegate.swift */,
				1F9E3B9A1FCAF3000029A490 /* SplitViewController.swift */,
				1F9E3B9C1FCAF3000029A490 /* Main.storyboard */,
				1F9E3B9F1FCAF3000029A490 /* Assets.xcassets */,
				1F9E3BA11FCAF3000029A490 /* Info.plist */,
			);
			path = Example;
			sourceTree = "<group>";
		};
		1FE322E41FBFB4570087809C = {
			isa = PBXGroup;
			children = (
				1FE3230D1FBFB6BF0087809C /* Carthage */,
				1FE322F01FBFB4570087809C /* RxTV */,
				1FE323001FBFB52E0087809C /* RxTVTests */,
				1F9E3B971FCAF3000029A490 /* Example */,
				1FE322EF1FBFB4570087809C /* Products */,
			);
			sourceTree = "<group>";
		};
		1FE322EF1FBFB4570087809C /* Products */ = {
			isa = PBXGroup;
			children = (
				1FE322EE1FBFB4570087809C /* RxTV.framework */,
				1FE322FF1FBFB52D0087809C /* RxTVTests.xctest */,
				1F9E3B961FCAF3000029A490 /* Example.app */,
			);
			name = Products;
			sourceTree = "<group>";
		};
		1FE322F01FBFB4570087809C /* RxTV */ = {
			isa = PBXGroup;
			children = (
				1FE322F11FBFB4570087809C /* RxTV.h */,
				1FE322F21FBFB4570087809C /* Info.plist */,
				1FE322F91FBFB4BC0087809C /* UIPress+Rx.swift */,
				1F6F07E61FCA5ED800918C81 /* UIFocusEnvironment+Rx.swift */,
				1FC77EE01FCAEE6C00411C7D /* UISplitViewController+Rx.swift */,
				1FC77EE21FCAF00200411C7D /* UITabBarController+Rx.swift */,
			);
			path = RxTV;
			sourceTree = "<group>";
		};
		1FE323001FBFB52E0087809C /* RxTVTests */ = {
			isa = PBXGroup;
			children = (
				1FE323031FBFB52E0087809C /* Info.plist */,
				1FE3230A1FBFB5410087809C /* UIPress+RxTests.swift */,
				1F6F07E81FCA60DB00918C81 /* UIFocusEnvironment+RxTests.swift */,
				1F6F07EA1FCAB96F00918C81 /* TestableFocusUpdateContext.swift */,
			);
			path = RxTVTests;
			sourceTree = "<group>";
		};
		1FE3230D1FBFB6BF0087809C /* Carthage */ = {
			isa = PBXGroup;
			children = (
				1FE3230E1FBFB6D90087809C /* Build */,
			);
			name = Carthage;
			sourceTree = "<group>";
		};
		1FE3230E1FBFB6D90087809C /* Build */ = {
			isa = PBXGroup;
			children = (
				1FE323101FBFB6D90087809C /* tvOS */,
			);
			name = Build;
			path = Carthage/Build;
			sourceTree = "<group>";
		};
		1FE323101FBFB6D90087809C /* tvOS */ = {
			isa = PBXGroup;
			children = (
				1FE323131FBFB6D90087809C /* RxTest.framework */,
				1FE323191FBFB6D90087809C /* RxCocoa.framework */,
				1FE3231A1FBFB6D90087809C /* RxSwift.framework */,
				1FE3231B1FBFB6D90087809C /* RxBlocking.framework */,
			);
			path = tvOS;
			sourceTree = "<group>";
		};
/* End PBXGroup section */

/* Begin PBXHeadersBuildPhase section */
		1FE322EB1FBFB4570087809C /* Headers */ = {
			isa = PBXHeadersBuildPhase;
			buildActionMask = 2147483647;
			files = (
				1FE322F31FBFB4570087809C /* RxTV.h in Headers */,
			);
			runOnlyForDeploymentPostprocessing = 0;
		};
/* End PBXHeadersBuildPhase section */

/* Begin PBXNativeTarget section */
		1F9E3B951FCAF3000029A490 /* Example */ = {
			isa = PBXNativeTarget;
			buildConfigurationList = 1F9E3BA41FCAF3000029A490 /* Build configuration list for PBXNativeTarget "Example" */;
			buildPhases = (
				1F9E3B921FCAF3000029A490 /* Sources */,
				1F9E3B931FCAF3000029A490 /* Frameworks */,
				1F9E3B941FCAF3000029A490 /* Resources */,
				1F9E3BA91FCAF3870029A490 /* Embed Frameworks */,
				1F9E3BAA1FCAF3BA0029A490 /* carthage copy-frameworks */,
			);
			buildRules = (
			);
			dependencies = (
				1F9E3BA61FCAF37F0029A490 /* PBXTargetDependency */,
			);
			name = Example;
			productName = Example;
			productReference = 1F9E3B961FCAF3000029A490 /* Example.app */;
			productType = "com.apple.product-type.application";
		};
		1FE322ED1FBFB4570087809C /* RxTV */ = {
			isa = PBXNativeTarget;
			buildConfigurationList = 1FE322F61FBFB4570087809C /* Build configuration list for PBXNativeTarget "RxTV" */;
			buildPhases = (
				1FE322E91FBFB4570087809C /* Sources */,
				1FE322EA1FBFB4570087809C /* Frameworks */,
				1FE322EB1FBFB4570087809C /* Headers */,
				1FE322EC1FBFB4570087809C /* Resources */,
			);
			buildRules = (
			);
			dependencies = (
			);
			name = RxTV;
			productName = RxTV;
			productReference = 1FE322EE1FBFB4570087809C /* RxTV.framework */;
			productType = "com.apple.product-type.framework";
		};
		1FE322FE1FBFB52D0087809C /* RxTVTests */ = {
			isa = PBXNativeTarget;
			buildConfigurationList = 1FE323071FBFB52E0087809C /* Build configuration list for PBXNativeTarget "RxTVTests" */;
			buildPhases = (
				1FE322FB1FBFB52D0087809C /* Sources */,
				1FE322FC1FBFB52D0087809C /* Frameworks */,
				1FE322FD1FBFB52D0087809C /* Resources */,
				1FE3232C1FBFB7B90087809C /* Embed Frameworks */,
			);
			buildRules = (
			);
			dependencies = (
				1FE323061FBFB52E0087809C /* PBXTargetDependency */,
			);
			name = RxTVTests;
			productName = RxTVTests;
			productReference = 1FE322FF1FBFB52D0087809C /* RxTVTests.xctest */;
			productType = "com.apple.product-type.bundle.unit-test";
		};
/* End PBXNativeTarget section */

/* Begin PBXProject section */
		1FE322E51FBFB4570087809C /* Project object */ = {
			isa = PBXProject;
			attributes = {
				LastSwiftUpdateCheck = 0900;
				LastUpgradeCheck = 0900;
				ORGANIZATIONNAME = toshi0383;
				TargetAttributes = {
					1F9E3B951FCAF3000029A490 = {
						CreatedOnToolsVersion = 9.0.1;
						ProvisioningStyle = Automatic;
					};
					1FE322ED1FBFB4570087809C = {
						CreatedOnToolsVersion = 9.0.1;
						LastSwiftMigration = 0900;
						ProvisioningStyle = Automatic;
					};
					1FE322FE1FBFB52D0087809C = {
						CreatedOnToolsVersion = 9.0.1;
						ProvisioningStyle = Automatic;
					};
				};
			};
			buildConfigurationList = 1FE322E81FBFB4570087809C /* Build configuration list for PBXProject "RxTV" */;
			compatibilityVersion = "Xcode 8.0";
			developmentRegion = en;
			hasScannedForEncodings = 0;
			knownRegions = (
				en,
				Base,
			);
			mainGroup = 1FE322E41FBFB4570087809C;
			productRefGroup = 1FE322EF1FBFB4570087809C /* Products */;
			projectDirPath = "";
			projectRoot = "";
			targets = (
				1FE322ED1FBFB4570087809C /* RxTV */,
				1FE322FE1FBFB52D0087809C /* RxTVTests */,
				1F9E3B951FCAF3000029A490 /* Example */,
			);
		};
/* End PBXProject section */

/* Begin PBXResourcesBuildPhase section */
		1F9E3B941FCAF3000029A490 /* Resources */ = {
			isa = PBXResourcesBuildPhase;
			buildActionMask = 2147483647;
			files = (
				1F9E3BA01FCAF3000029A490 /* Assets.xcassets in Resources */,
				1F9E3B9E1FCAF3000029A490 /* Main.storyboard in Resources */,
			);
			runOnlyForDeploymentPostprocessing = 0;
		};
		1FE322EC1FBFB4570087809C /* Resources */ = {
			isa = PBXResourcesBuildPhase;
			buildActionMask = 2147483647;
			files = (
			);
			runOnlyForDeploymentPostprocessing = 0;
		};
		1FE322FD1FBFB52D0087809C /* Resources */ = {
			isa = PBXResourcesBuildPhase;
			buildActionMask = 2147483647;
			files = (
			);
			runOnlyForDeploymentPostprocessing = 0;
		};
/* End PBXResourcesBuildPhase section */

/* Begin PBXShellScriptBuildPhase section */
		1F9E3BAA1FCAF3BA0029A490 /* carthage copy-frameworks */ = {
			isa = PBXShellScriptBuildPhase;
			buildActionMask = 2147483647;
			files = (
			);
			inputPaths = (
				"$(SRCROOT)/Carthage/Build/tvOS/RxSwift.framework",
				"$(SRCROOT)/Carthage/Build/tvOS/RxCocoa.framework",
			);
			name = "carthage copy-frameworks";
			outputPaths = (
			);
			runOnlyForDeploymentPostprocessing = 0;
			shellPath = /bin/sh;
			shellScript = "carthage copy-frameworks";
			showEnvVarsInLog = 0;
		};
/* End PBXShellScriptBuildPhase section */

/* Begin PBXSourcesBuildPhase section */
		1F9E3B921FCAF3000029A490 /* Sources */ = {
			isa = PBXSourcesBuildPhase;
			buildActionMask = 2147483647;
			files = (
				1F9E3B9B1FCAF3000029A490 /* SplitViewController.swift in Sources */,
				1F9E3B991FCAF3000029A490 /* AppDelegate.swift in Sources */,
			);
			runOnlyForDeploymentPostprocessing = 0;
		};
		1FE322E91FBFB4570087809C /* Sources */ = {
			isa = PBXSourcesBuildPhase;
			buildActionMask = 2147483647;
			files = (
				1F6F07E71FCA5ED800918C81 /* UIFocusEnvironment+Rx.swift in Sources */,
				1FC77EE31FCAF00200411C7D /* UITabBarController+Rx.swift in Sources */,
				1FC77EE11FCAEE6C00411C7D /* UISplitViewController+Rx.swift in Sources */,
				1FE322FA1FBFB4BC0087809C /* UIPress+Rx.swift in Sources */,
			);
			runOnlyForDeploymentPostprocessing = 0;
		};
		1FE322FB1FBFB52D0087809C /* Sources */ = {
			isa = PBXSourcesBuildPhase;
			buildActionMask = 2147483647;
			files = (
				1F6F07E91FCA60DB00918C81 /* UIFocusEnvironment+RxTests.swift in Sources */,
				1FE3230B1FBFB5410087809C /* UIPress+RxTests.swift in Sources */,
				1F6F07EB1FCAB96F00918C81 /* TestableFocusUpdateContext.swift in Sources */,
			);
			runOnlyForDeploymentPostprocessing = 0;
		};
/* End PBXSourcesBuildPhase section */

/* Begin PBXTargetDependency section */
		1F9E3BA61FCAF37F0029A490 /* PBXTargetDependency */ = {
			isa = PBXTargetDependency;
			target = 1FE322ED1FBFB4570087809C /* RxTV */;
			targetProxy = 1F9E3BA51FCAF37F0029A490 /* PBXContainerItemProxy */;
		};
		1FE323061FBFB52E0087809C /* PBXTargetDependency */ = {
			isa = PBXTargetDependency;
			target = 1FE322ED1FBFB4570087809C /* RxTV */;
			targetProxy = 1FE323051FBFB52E0087809C /* PBXContainerItemProxy */;
		};
/* End PBXTargetDependency section */

/* Begin PBXVariantGroup section */
		1F9E3B9C1FCAF3000029A490 /* Main.storyboard */ = {
			isa = PBXVariantGroup;
			children = (
				1F9E3B9D1FCAF3000029A490 /* Base */,
			);
			name = Main.storyboard;
			sourceTree = "<group>";
		};
/* End PBXVariantGroup section */

/* Begin XCBuildConfiguration section */
		1F9E3BA21FCAF3000029A490 /* Debug */ = {
			isa = XCBuildConfiguration;
			buildSettings = {
				ALWAYS_EMBED_SWIFT_STANDARD_LIBRARIES = YES;
				ASSETCATALOG_COMPILER_APPICON_NAME = "App Icon & Top Shelf Image";
				ASSETCATALOG_COMPILER_LAUNCHIMAGE_NAME = LaunchImage;
				CODE_SIGN_STYLE = Automatic;
				INFOPLIST_FILE = Example/Info.plist;
				LD_RUNPATH_SEARCH_PATHS = "$(inherited) @executable_path/Frameworks";
				PRODUCT_BUNDLE_IDENTIFIER = jp.toshi0383.Example;
				PRODUCT_NAME = "$(TARGET_NAME)";
				SWIFT_VERSION = 4.0;
				TARGETED_DEVICE_FAMILY = 3;
			};
			name = Debug;
		};
		1F9E3BA31FCAF3000029A490 /* Release */ = {
			isa = XCBuildConfiguration;
			buildSettings = {
				ALWAYS_EMBED_SWIFT_STANDARD_LIBRARIES = YES;
				ASSETCATALOG_COMPILER_APPICON_NAME = "App Icon & Top Shelf Image";
				ASSETCATALOG_COMPILER_LAUNCHIMAGE_NAME = LaunchImage;
				CODE_SIGN_STYLE = Automatic;
				INFOPLIST_FILE = Example/Info.plist;
				LD_RUNPATH_SEARCH_PATHS = "$(inherited) @executable_path/Frameworks";
				PRODUCT_BUNDLE_IDENTIFIER = jp.toshi0383.Example;
				PRODUCT_NAME = "$(TARGET_NAME)";
				SWIFT_VERSION = 4.0;
				TARGETED_DEVICE_FAMILY = 3;
			};
			name = Release;
		};
		1FE322F41FBFB4570087809C /* Debug */ = {
			isa = XCBuildConfiguration;
			buildSettings = {
				ALWAYS_SEARCH_USER_PATHS = NO;
				CLANG_ANALYZER_NONNULL = YES;
				CLANG_ANALYZER_NUMBER_OBJECT_CONVERSION = YES_AGGRESSIVE;
				CLANG_CXX_LANGUAGE_STANDARD = "gnu++14";
				CLANG_CXX_LIBRARY = "libc++";
				CLANG_ENABLE_MODULES = YES;
				CLANG_ENABLE_OBJC_ARC = YES;
				CLANG_WARN_BLOCK_CAPTURE_AUTORELEASING = YES;
				CLANG_WARN_BOOL_CONVERSION = YES;
				CLANG_WARN_COMMA = YES;
				CLANG_WARN_CONSTANT_CONVERSION = YES;
				CLANG_WARN_DIRECT_OBJC_ISA_USAGE = YES_ERROR;
				CLANG_WARN_DOCUMENTATION_COMMENTS = YES;
				CLANG_WARN_EMPTY_BODY = YES;
				CLANG_WARN_ENUM_CONVERSION = YES;
				CLANG_WARN_INFINITE_RECURSION = YES;
				CLANG_WARN_INT_CONVERSION = YES;
				CLANG_WARN_NON_LITERAL_NULL_CONVERSION = YES;
				CLANG_WARN_OBJC_LITERAL_CONVERSION = YES;
				CLANG_WARN_OBJC_ROOT_CLASS = YES_ERROR;
				CLANG_WARN_RANGE_LOOP_ANALYSIS = YES;
				CLANG_WARN_STRICT_PROTOTYPES = YES;
				CLANG_WARN_SUSPICIOUS_MOVE = YES;
				CLANG_WARN_UNGUARDED_AVAILABILITY = YES_AGGRESSIVE;
				CLANG_WARN_UNREACHABLE_CODE = YES;
				CLANG_WARN__DUPLICATE_METHOD_MATCH = YES;
				COPY_PHASE_STRIP = NO;
				CURRENT_PROJECT_VERSION = 1;
				DEBUG_INFORMATION_FORMAT = dwarf;
				ENABLE_STRICT_OBJC_MSGSEND = YES;
				ENABLE_TESTABILITY = YES;
				FRAMEWORK_SEARCH_PATHS = "$(PROJECT_DIR)/Carthage/Build/tvOS";
				GCC_C_LANGUAGE_STANDARD = gnu11;
				GCC_DYNAMIC_NO_PIC = NO;
				GCC_NO_COMMON_BLOCKS = YES;
				GCC_OPTIMIZATION_LEVEL = 0;
				GCC_PREPROCESSOR_DEFINITIONS = (
					"DEBUG=1",
					"$(inherited)",
				);
				GCC_WARN_64_TO_32_BIT_CONVERSION = YES;
				GCC_WARN_ABOUT_RETURN_TYPE = YES_ERROR;
				GCC_WARN_UNDECLARED_SELECTOR = YES;
				GCC_WARN_UNINITIALIZED_AUTOS = YES_AGGRESSIVE;
				GCC_WARN_UNUSED_FUNCTION = YES;
				GCC_WARN_UNUSED_VARIABLE = YES;
				MTL_ENABLE_DEBUG_INFO = YES;
				ONLY_ACTIVE_ARCH = YES;
				SDKROOT = appletvos;
				SWIFT_ACTIVE_COMPILATION_CONDITIONS = DEBUG;
				SWIFT_OPTIMIZATION_LEVEL = "-Onone";
				TVOS_DEPLOYMENT_TARGET = 11.0;
				VERSIONING_SYSTEM = "apple-generic";
				VERSION_INFO_PREFIX = "";
			};
			name = Debug;
		};
		1FE322F51FBFB4570087809C /* Release */ = {
			isa = XCBuildConfiguration;
			buildSettings = {
				ALWAYS_SEARCH_USER_PATHS = NO;
				CLANG_ANALYZER_NONNULL = YES;
				CLANG_ANALYZER_NUMBER_OBJECT_CONVERSION = YES_AGGRESSIVE;
				CLANG_CXX_LANGUAGE_STANDARD = "gnu++14";
				CLANG_CXX_LIBRARY = "libc++";
				CLANG_ENABLE_MODULES = YES;
				CLANG_ENABLE_OBJC_ARC = YES;
				CLANG_WARN_BLOCK_CAPTURE_AUTORELEASING = YES;
				CLANG_WARN_BOOL_CONVERSION = YES;
				CLANG_WARN_COMMA = YES;
				CLANG_WARN_CONSTANT_CONVERSION = YES;
				CLANG_WARN_DIRECT_OBJC_ISA_USAGE = YES_ERROR;
				CLANG_WARN_DOCUMENTATION_COMMENTS = YES;
				CLANG_WARN_EMPTY_BODY = YES;
				CLANG_WARN_ENUM_CONVERSION = YES;
				CLANG_WARN_INFINITE_RECURSION = YES;
				CLANG_WARN_INT_CONVERSION = YES;
				CLANG_WARN_NON_LITERAL_NULL_CONVERSION = YES;
				CLANG_WARN_OBJC_LITERAL_CONVERSION = YES;
				CLANG_WARN_OBJC_ROOT_CLASS = YES_ERROR;
				CLANG_WARN_RANGE_LOOP_ANALYSIS = YES;
				CLANG_WARN_STRICT_PROTOTYPES = YES;
				CLANG_WARN_SUSPICIOUS_MOVE = YES;
				CLANG_WARN_UNGUARDED_AVAILABILITY = YES_AGGRESSIVE;
				CLANG_WARN_UNREACHABLE_CODE = YES;
				CLANG_WARN__DUPLICATE_METHOD_MATCH = YES;
				COPY_PHASE_STRIP = NO;
				CURRENT_PROJECT_VERSION = 1;
				DEBUG_INFORMATION_FORMAT = "dwarf-with-dsym";
				ENABLE_NS_ASSERTIONS = NO;
				ENABLE_STRICT_OBJC_MSGSEND = YES;
				FRAMEWORK_SEARCH_PATHS = "$(PROJECT_DIR)/Carthage/Build/tvOS";
				GCC_C_LANGUAGE_STANDARD = gnu11;
				GCC_NO_COMMON_BLOCKS = YES;
				GCC_WARN_64_TO_32_BIT_CONVERSION = YES;
				GCC_WARN_ABOUT_RETURN_TYPE = YES_ERROR;
				GCC_WARN_UNDECLARED_SELECTOR = YES;
				GCC_WARN_UNINITIALIZED_AUTOS = YES_AGGRESSIVE;
				GCC_WARN_UNUSED_FUNCTION = YES;
				GCC_WARN_UNUSED_VARIABLE = YES;
				MTL_ENABLE_DEBUG_INFO = NO;
				SDKROOT = appletvos;
				SWIFT_OPTIMIZATION_LEVEL = "-Owholemodule";
				TVOS_DEPLOYMENT_TARGET = 11.0;
				VALIDATE_PRODUCT = YES;
				VERSIONING_SYSTEM = "apple-generic";
				VERSION_INFO_PREFIX = "";
			};
			name = Release;
		};
		1FE322F71FBFB4570087809C /* Debug */ = {
			isa = XCBuildConfiguration;
			buildSettings = {
				CLANG_ENABLE_MODULES = YES;
				CODE_SIGN_IDENTITY = "";
				CODE_SIGN_STYLE = Automatic;
				DEFINES_MODULE = YES;
				DYLIB_COMPATIBILITY_VERSION = 1;
				DYLIB_CURRENT_VERSION = 1;
				DYLIB_INSTALL_NAME_BASE = "@rpath";
				INFOPLIST_FILE = RxTV/Info.plist;
				INSTALL_PATH = "$(LOCAL_LIBRARY_DIR)/Frameworks";
				LD_RUNPATH_SEARCH_PATHS = "$(inherited) @executable_path/Frameworks @loader_path/Frameworks";
				PRODUCT_BUNDLE_IDENTIFIER = jp.toshi0383.RxTV;
				PRODUCT_NAME = "$(TARGET_NAME:c99extidentifier)";
				SKIP_INSTALL = YES;
				SWIFT_OPTIMIZATION_LEVEL = "-Onone";
				SWIFT_VERSION = 4.0;
				TARGETED_DEVICE_FAMILY = 3;
				TVOS_DEPLOYMENT_TARGET = 9.0;
			};
			name = Debug;
		};
		1FE322F81FBFB4570087809C /* Release */ = {
			isa = XCBuildConfiguration;
			buildSettings = {
				CLANG_ENABLE_MODULES = YES;
				CODE_SIGN_IDENTITY = "";
				CODE_SIGN_STYLE = Automatic;
				DEFINES_MODULE = YES;
				DYLIB_COMPATIBILITY_VERSION = 1;
				DYLIB_CURRENT_VERSION = 1;
				DYLIB_INSTALL_NAME_BASE = "@rpath";
				INFOPLIST_FILE = RxTV/Info.plist;
				INSTALL_PATH = "$(LOCAL_LIBRARY_DIR)/Frameworks";
				LD_RUNPATH_SEARCH_PATHS = "$(inherited) @executable_path/Frameworks @loader_path/Frameworks";
				PRODUCT_BUNDLE_IDENTIFIER = jp.toshi0383.RxTV;
				PRODUCT_NAME = "$(TARGET_NAME:c99extidentifier)";
				SKIP_INSTALL = YES;
				SWIFT_VERSION = 4.0;
				TARGETED_DEVICE_FAMILY = 3;
				TVOS_DEPLOYMENT_TARGET = 9.0;
			};
			name = Release;
		};
		1FE323081FBFB52E0087809C /* Debug */ = {
			isa = XCBuildConfiguration;
			buildSettings = {
				CODE_SIGN_STYLE = Automatic;
				INFOPLIST_FILE = RxTVTests/Info.plist;
				LD_RUNPATH_SEARCH_PATHS = "$(inherited) @executable_path/Frameworks @loader_path/Frameworks";
				PRODUCT_BUNDLE_IDENTIFIER = jp.toshi0383.RxTVTests;
				PRODUCT_NAME = "$(TARGET_NAME)";
				SWIFT_VERSION = 4.0;
				TARGETED_DEVICE_FAMILY = 3;
			};
			name = Debug;
		};
		1FE323091FBFB52E0087809C /* Release */ = {
			isa = XCBuildConfiguration;
			buildSettings = {
				CODE_SIGN_STYLE = Automatic;
				INFOPLIST_FILE = RxTVTests/Info.plist;
				LD_RUNPATH_SEARCH_PATHS = "$(inherited) @executable_path/Frameworks @loader_path/Frameworks";
				PRODUCT_BUNDLE_IDENTIFIER = jp.toshi0383.RxTVTests;
				PRODUCT_NAME = "$(TARGET_NAME)";
				SWIFT_VERSION = 4.0;
				TARGETED_DEVICE_FAMILY = 3;
			};
			name = Release;
		};
/* End XCBuildConfiguration section */

/* Begin XCConfigurationList section */
		1F9E3BA41FCAF3000029A490 /* Build configuration list for PBXNativeTarget "Example" */ = {
			isa = XCConfigurationList;
			buildConfigurations = (
				1F9E3BA21FCAF3000029A490 /* Debug */,
				1F9E3BA31FCAF3000029A490 /* Release */,
			);
			defaultConfigurationIsVisible = 0;
			defaultConfigurationName = Release;
		};
		1FE322E81FBFB4570087809C /* Build configuration list for PBXProject "RxTV" */ = {
			isa = XCConfigurationList;
			buildConfigurations = (
				1FE322F41FBFB4570087809C /* Debug */,
				1FE322F51FBFB4570087809C /* Release */,
			);
			defaultConfigurationIsVisible = 0;
			defaultConfigurationName = Release;
		};
		1FE322F61FBFB4570087809C /* Build configuration list for PBXNativeTarget "RxTV" */ = {
			isa = XCConfigurationList;
			buildConfigurations = (
				1FE322F71FBFB4570087809C /* Debug */,
				1FE322F81FBFB4570087809C /* Release */,
			);
			defaultConfigurationIsVisible = 0;
			defaultConfigurationName = Release;
		};
		1FE323071FBFB52E0087809C /* Build configuration list for PBXNativeTarget "RxTVTests" */ = {
			isa = XCConfigurationList;
			buildConfigurations = (
				1FE323081FBFB52E0087809C /* Debug */,
				1FE323091FBFB52E0087809C /* Release */,
			);
			defaultConfigurationIsVisible = 0;
			defaultConfigurationName = Release;
		};
/* End XCConfigurationList section */
	};
	rootObject = 1FE322E51FBFB4570087809C /* Project object */;
}
